
Microsoft Visual Studio Solution File, Format Version 12.00
# Visual Studio Version 17
VisualStudioVersion = 17.12.35527.113 d17.12
MinimumVisualStudioVersion = 10.0.40219.1
Project("{FAE04EC0-301F-11D3-BF4B-00C04F79EFBC}") = "CNPMSangT4", "CNPMSangT4.csproj", "{9BC0229D-0F4D-4B2E-8A79-89B7155CA043}"
EndProject
Global
	GlobalSection(SolutionConfigurationPlatforms) = preSolution
		Debug|Any CPU = Debug|Any CPU
		Release|Any CPU = Release|Any CPU
	EndGlobalSection
	GlobalSection(ProjectConfigurationPlatforms) = postSolution
		{9BC0229D-0F4D-4B2E-8A79-89B7155CA043}.Debug|Any CPU.ActiveCfg = Debug|Any CPU
		{9BC0229D-0F4D-4B2E-8A79-89B7155CA043}.Debug|Any CPU.Build.0 = Debug|Any CPU
		{9BC0229D-0F4D-4B2E-8A79-89B7155CA043}.Release|Any CPU.ActiveCfg = Release|Any CPU
		{9BC0229D-0F4D-4B2E-8A79-89B7155CA043}.Release|Any CPU.Build.0 = Release|Any CPU
	EndGlobalSection
	GlobalSection(SolutionProperties) = preSolution
		HideSolutionNode = FALSE
	EndGlobalSection
EndGlobal
